
Microsoft Visual Studio Solution File, Format Version 12.00
# Visual Studio Version 17
VisualStudioVersion = 17.0.31903.59
MinimumVisualStudioVersion = 10.0.40219.1
Project("{9A19103F-16F7-4668-BE54-9A1E7A4F7556}") = "QueryTune.Api", "QueryTune.Api\QueryTune.Api.csproj", "{77A74DF7-6CA5-48F8-8FC4-B2D6CA0EF82F}"
EndProject
Project("{9A19103F-16F7-4668-BE54-9A1E7A4F7556}") = "QueryTune.Core", "QueryTune.Core\QueryTune.Core.csproj", "{8E225F57-62B9-4B30-BE57-2F3EE940AD16}"
EndProject
Global
	GlobalSection(SolutionConfigurationPlatforms) = preSolution
		Debug|Any CPU = Debug|Any CPU
		Release|Any CPU = Release|Any CPU
	EndGlobalSection
	GlobalSection(ProjectConfigurationPlatforms) = postSolution
		{77A74DF7-6CA5-48F8-8FC4-B2D6CA0EF82F}.Debug|Any CPU.ActiveCfg = Debug|Any CPU
		{77A74DF7-6CA5-48F8-8FC4-B2D6CA0EF82F}.Debug|Any CPU.Build.0 = Debug|Any CPU
		{77A74DF7-6CA5-48F8-8FC4-B2D6CA0EF82F}.Release|Any CPU.ActiveCfg = Release|Any CPU
		{77A74DF7-6CA5-48F8-8FC4-B2D6CA0EF82F}.Release|Any CPU.Build.0 = Release|Any CPU
		{8E225F57-62B9-4B30-BE57-2F3EE940AD16}.Debug|Any CPU.ActiveCfg = Debug|Any CPU
		{8E225F57-62B9-4B30-BE57-2F3EE940AD16}.Debug|Any CPU.Build.0 = Debug|Any CPU
		{8E225F57-62B9-4B30-BE57-2F3EE940AD16}.Release|Any CPU.ActiveCfg = Release|Any CPU
		{8E225F57-62B9-4B30-BE57-2F3EE940AD16}.Release|Any CPU.Build.0 = Release|Any CPU
	EndGlobalSection
	GlobalSection(SolutionProperties) = preSolution
		HideSolutionNode = FALSE
	EndGlobalSection
	GlobalSection(ExtensibilityGlobals) = postSolution
		SolutionGuid = {A361DBE1-3B87-43B7-A0EA-E01A1DC65572}
	EndGlobalSection
EndGlobal
